
Microsoft Visual Studio Solution File, Format Version 12.00
# Visual Studio Version 17
VisualStudioVersion = 17.2.32630.192
MinimumVisualStudioVersion = 10.0.40219.1
Project("{9A19103F-16F7-4668-BE54-9A1E7A4F7556}") = "RaceControl.Logic", "RaceControl.Logic\RaceControl.Logic.csproj", "{C7138DEB-4E98-4697-9E31-5E452DD94827}"
EndProject
Project("{9A19103F-16F7-4668-BE54-9A1E7A4F7556}") = "RaceControl.Logic.UnitTests", "RaceControl.Logic.UnitTests\RaceControl.Logic.UnitTests.csproj", "{A7669F4C-C5AC-42D6-8CD5-590875241F83}"
EndProject
Project("{9A19103F-16F7-4668-BE54-9A1E7A4F7556}") = "RaceControl.DataAccess", "RaceControl.DataAccess\RaceControl.DataAccess.csproj", "{DA494470-5643-4898-9976-5D200AE094C3}"
EndProject
Project("{9A19103F-16F7-4668-BE54-9A1E7A4F7556}") = "RaceControl.DataAccess.IntegrationTests", "RaceControl.DataAccess.IntegrationTests\RaceControl.DataAccess.IntegrationTests.csproj", "{DAD3ACC8-7929-440A-AA21-5E08CA3D7FE3}"
EndProject
Project("{FAE04EC0-301F-11D3-BF4B-00C04F79EFBC}") = "RaceControl.Client", "RaceControl.Client\RaceControl.Client.csproj", "{A841DD08-6056-4537-9ED4-37F50E0B6D33}"
EndProject
Global
	GlobalSection(SolutionConfigurationPlatforms) = preSolution
		Debug|Any CPU = Debug|Any CPU
		Release|Any CPU = Release|Any CPU
	EndGlobalSection
	GlobalSection(ProjectConfigurationPlatforms) = postSolution
		{C7138DEB-4E98-4697-9E31-5E452DD94827}.Debug|Any CPU.ActiveCfg = Debug|Any CPU
		{C7138DEB-4E98-4697-9E31-5E452DD94827}.Debug|Any CPU.Build.0 = Debug|Any CPU
		{C7138DEB-4E98-4697-9E31-5E452DD94827}.Release|Any CPU.ActiveCfg = Release|Any CPU
		{C7138DEB-4E98-4697-9E31-5E452DD94827}.Release|Any CPU.Build.0 = Release|Any CPU
		{A7669F4C-C5AC-42D6-8CD5-590875241F83}.Debug|Any CPU.ActiveCfg = Debug|Any CPU
		{A7669F4C-C5AC-42D6-8CD5-590875241F83}.Debug|Any CPU.Build.0 = Debug|Any CPU
		{A7669F4C-C5AC-42D6-8CD5-590875241F83}.Release|Any CPU.ActiveCfg = Release|Any CPU
		{A7669F4C-C5AC-42D6-8CD5-590875241F83}.Release|Any CPU.Build.0 = Release|Any CPU
		{DA494470-5643-4898-9976-5D200AE094C3}.Debug|Any CPU.ActiveCfg = Debug|Any CPU
		{DA494470-5643-4898-9976-5D200AE094C3}.Debug|Any CPU.Build.0 = Debug|Any CPU
		{DA494470-5643-4898-9976-5D200AE094C3}.Release|Any CPU.ActiveCfg = Release|Any CPU
		{DA494470-5643-4898-9976-5D200AE094C3}.Release|Any CPU.Build.0 = Release|Any CPU
		{DAD3ACC8-7929-440A-AA21-5E08CA3D7FE3}.Debug|Any CPU.ActiveCfg = Debug|Any CPU
		{DAD3ACC8-7929-440A-AA21-5E08CA3D7FE3}.Debug|Any CPU.Build.0 = Debug|Any CPU
		{DAD3ACC8-7929-440A-AA21-5E08CA3D7FE3}.Release|Any CPU.ActiveCfg = Release|Any CPU
		{DAD3ACC8-7929-440A-AA21-5E08CA3D7FE3}.Release|Any CPU.Build.0 = Release|Any CPU
		{A841DD08-6056-4537-9ED4-37F50E0B6D33}.Debug|Any CPU.ActiveCfg = Debug|Any CPU
		{A841DD08-6056-4537-9ED4-37F50E0B6D33}.Debug|Any CPU.Build.0 = Debug|Any CPU
		{A841DD08-6056-4537-9ED4-37F50E0B6D33}.Release|Any CPU.ActiveCfg = Release|Any CPU
		{A841DD08-6056-4537-9ED4-37F50E0B6D33}.Release|Any CPU.Build.0 = Release|Any CPU
	EndGlobalSection
	GlobalSection(SolutionProperties) = preSolution
		HideSolutionNode = FALSE
	EndGlobalSection
	GlobalSection(ExtensibilityGlobals) = postSolution
		SolutionGuid = {7A3A1FB7-DA48-4F03-9B96-FB32F6AF0D28}
	EndGlobalSection
EndGlobal
